
Microsoft Visual Studio Solution File, Format Version 12.00
# Visual Studio Version 17
VisualStudioVersion = 17.5.33502.453
MinimumVisualStudioVersion = 10.0.40219.1
Project("{FAE04EC0-301F-11D3-BF4B-00C04F79EFBC}") = "p21Patisserie", "p21Patisserie\p21Patisserie.csproj", "{90419375-723B-4F24-894E-84503CF7FA71}"
EndProject
Global
	GlobalSection(SolutionConfigurationPlatforms) = preSolution
		Debug|Any CPU = Debug|Any CPU
		Release|Any CPU = Release|Any CPU
	EndGlobalSection
	GlobalSection(ProjectConfigurationPlatforms) = postSolution
		{90419375-723B-4F24-894E-84503CF7FA71}.Debug|Any CPU.ActiveCfg = Debug|Any CPU
		{90419375-723B-4F24-894E-84503CF7FA71}.Debug|Any CPU.Build.0 = Debug|Any CPU
		{90419375-723B-4F24-894E-84503CF7FA71}.Release|Any CPU.ActiveCfg = Release|Any CPU
		{90419375-723B-4F24-894E-84503CF7FA71}.Release|Any CPU.Build.0 = Release|Any CPU
	EndGlobalSection
	GlobalSection(SolutionProperties) = preSolution
		HideSolutionNode = FALSE
	EndGlobalSection
	GlobalSection(ExtensibilityGlobals) = postSolution
		SolutionGuid = {5E6F40AD-49E7-413B-9448-BF5474A63F7C}
	EndGlobalSection
EndGlobal
